{
  "originHash" : "ae5ea002b5ae505f39ff30f929641792d092c1514b8abee77fa5253c8597c2b5",
  "pins" : [
    {
      "identity" : "fluidaudio",
      "kind" : "remoteSourceControl",
      "location" : "https://github.com/FluidInference/FluidAudio.git",
      "state" : {
        "revision" : "a6b826ce9a09028fc685a4b32a8927ec920c3188",
        "version" : "0.17.3"
      }
    }
  ],
  "version" : 3
}
